{
  "version": 4,
  "terraform_version": "1.3.7",
  "serial": 368,
  "lineage": "3597fd07-494f-66b6-adaa-e04ba988445b",
  "outputs": {},
  "resources": [
    {
      "module": "module.box",
      "mode": "managed",
      "type": "azurerm_virtual_machine",
      "name": "main",
      "provider": "provider[\"registry.terraform.io/hashicorp/azurerm\"]",
      "instances": [
        {
          "schema_version": 0,
          "attributes": {
            "additional_capabilities": [],
            "availability_set_id": null,
            "boot_diagnostics": [],
            "delete_data_disks_on_termination": true,
            "delete_os_disk_on_termination": true,
            "id": "/subscriptions/3f6f5ec3-1e5e-44fa-9d39-a4c5f25642e9/resourceGroups/uat-resources/providers/Microsoft.Compute/virtualMachines/uat-Masterinstance",
            "identity": [],
            "license_type": null,
            "location": "eastus",
            "name": "uat-Masterinstance",
            "network_interface_ids": [
              "/subscriptions/3f6f5ec3-1e5e-44fa-9d39-a4c5f25642e9/resourceGroups/uat-resources/providers/Microsoft.Network/networkInterfaces/uat-nic"
            ],
            "os_profile": [
              {
                "admin_password": "",
                "admin_username": "testadmin",
                "computer_name": "hostname",
                "custom_data": ""
              }
            ],
            "os_profile_linux_config": [
              {
                "disable_password_authentication": false,
                "ssh_keys": []
              }
            ],
            "os_profile_secrets": [],
            "os_profile_windows_config": [],
            "plan": [],
            "primary_network_interface_id": null,
            "proximity_placement_group_id": null,
            "resource_group_name": "uat-resources",
            "storage_data_disk": [],
            "storage_image_reference": [
              {
                "id": "",
                "offer": "UbuntuServer",
                "publisher": "Canonical",
                "sku": "16.04-LTS",
                "version": "latest"
              }
            ],
            "storage_os_disk": [
              {
                "caching": "ReadWrite",
                "create_option": "FromImage",
                "disk_size_gb": 30,
                "image_uri": "",
                "managed_disk_id": "/subscriptions/3f6f5ec3-1e5e-44fa-9d39-a4c5f25642e9/resourceGroups/uat-resources/providers/Microsoft.Compute/disks/myosdisk1",
                "managed_disk_type": "Standard_LRS",
                "name": "myosdisk1",
                "os_type": "Linux",
                "vhd_uri": "",
                "write_accelerator_enabled": false
              }
            ],
            "tags": {
              "environment": "staging"
            },
            "timeouts": null,
            "vm_size": "Standard_DS1_v2",
            "zones": null
          },
          "sensitive_attributes": [],
          "private": "eyJlMmJmYjczMC1lY2FhLTExZTYtOGY4OC0zNDM2M2JjN2M0YzAiOnsiY3JlYXRlIjozNjAwMDAwMDAwMDAwLCJkZWxldGUiOjM2MDAwMDAwMDAwMDAsInJlYWQiOjMwMDAwMDAwMDAwMCwidXBkYXRlIjozNjAwMDAwMDAwMDAwfX0=",
          "dependencies": [
            "module.box.module.network.azurerm_network_interface.main",
            "module.box.module.network.azurerm_network_interface.slave",
            "module.box.module.network.azurerm_network_interface_security_group_association.MasterAssociation",
            "module.box.module.network.azurerm_network_interface_security_group_association.SlaveAssociation",
            "module.box.module.network.azurerm_network_security_group.my_terraform_nsg_master",
            "module.box.module.network.azurerm_network_security_group.my_terraform_nsg_slave",
            "module.box.module.network.azurerm_public_ip.Master_public_ip",
            "module.box.module.network.azurerm_public_ip.Slave_public_ip",
            "module.box.module.network.azurerm_subnet.internal",
            "module.box.module.network.azurerm_virtual_network.main",
            "module.box.module.rg.azurerm_resource_group.RG"
          ]
        }
      ]
    },
    {
      "module": "module.box",
      "mode": "managed",
      "type": "azurerm_virtual_machine",
      "name": "slave",
      "provider": "provider[\"registry.terraform.io/hashicorp/azurerm\"]",
      "instances": [
        {
          "schema_version": 0,
          "attributes": {
            "additional_capabilities": [],
            "availability_set_id": null,
            "boot_diagnostics": [],
            "delete_data_disks_on_termination": true,
            "delete_os_disk_on_termination": true,
            "id": "/subscriptions/3f6f5ec3-1e5e-44fa-9d39-a4c5f25642e9/resourceGroups/uat-resources/providers/Microsoft.Compute/virtualMachines/uat-Slaveinstance",
            "identity": [],
            "license_type": null,
            "location": "eastus",
            "name": "uat-Slaveinstance",
            "network_interface_ids": [
              "/subscriptions/3f6f5ec3-1e5e-44fa-9d39-a4c5f25642e9/resourceGroups/uat-resources/providers/Microsoft.Network/networkInterfaces/uat-slavenic"
            ],
            "os_profile": [
              {
                "admin_password": "",
                "admin_username": "testadmin",
                "computer_name": "hostname",
                "custom_data": ""
              }
            ],
            "os_profile_linux_config": [
              {
                "disable_password_authentication": false,
                "ssh_keys": []
              }
            ],
            "os_profile_secrets": [],
            "os_profile_windows_config": [],
            "plan": [],
            "primary_network_interface_id": null,
            "proximity_placement_group_id": null,
            "resource_group_name": "uat-resources",
            "storage_data_disk": [],
            "storage_image_reference": [
              {
                "id": "",
                "offer": "UbuntuServer",
                "publisher": "Canonical",
                "sku": "16.04-LTS",
                "version": "latest"
              }
            ],
            "storage_os_disk": [
              {
                "caching": "ReadWrite",
                "create_option": "FromImage",
                "disk_size_gb": 30,
                "image_uri": "",
                "managed_disk_id": "/subscriptions/3f6f5ec3-1e5e-44fa-9d39-a4c5f25642e9/resourceGroups/uat-resources/providers/Microsoft.Compute/disks/myosdisk2",
                "managed_disk_type": "Standard_LRS",
                "name": "myosdisk2",
                "os_type": "Linux",
                "vhd_uri": "",
                "write_accelerator_enabled": false
              }
            ],
            "tags": {
              "environment": "staging"
            },
            "timeouts": null,
            "vm_size": "Standard_DS1_v2",
            "zones": null
          },
          "sensitive_attributes": [],
          "private": "eyJlMmJmYjczMC1lY2FhLTExZTYtOGY4OC0zNDM2M2JjN2M0YzAiOnsiY3JlYXRlIjozNjAwMDAwMDAwMDAwLCJkZWxldGUiOjM2MDAwMDAwMDAwMDAsInJlYWQiOjMwMDAwMDAwMDAwMCwidXBkYXRlIjozNjAwMDAwMDAwMDAwfX0=",
          "dependencies": [
            "module.box.module.network.azurerm_network_interface.main",
            "module.box.module.network.azurerm_network_interface.slave",
            "module.box.module.network.azurerm_network_interface_security_group_association.MasterAssociation",
            "module.box.module.network.azurerm_network_interface_security_group_association.SlaveAssociation",
            "module.box.module.network.azurerm_network_security_group.my_terraform_nsg_master",
            "module.box.module.network.azurerm_network_security_group.my_terraform_nsg_slave",
            "module.box.module.network.azurerm_public_ip.Master_public_ip",
            "module.box.module.network.azurerm_public_ip.Slave_public_ip",
            "module.box.module.network.azurerm_subnet.internal",
            "module.box.module.network.azurerm_virtual_network.main",
            "module.box.module.rg.azurerm_resource_group.RG"
          ]
        }
      ]
    },
    {
      "module": "module.box",
      "mode": "managed",
      "type": "azurerm_virtual_machine_extension",
      "name": "ansible",
      "provider": "provider[\"registry.terraform.io/hashicorp/azurerm\"]",
      "instances": [
        {
          "schema_version": 0,
          "attributes": {
            "auto_upgrade_minor_version": false,
            "automatic_upgrade_enabled": false,
            "failure_suppression_enabled": false,
            "id": "/subscriptions/3f6f5ec3-1e5e-44fa-9d39-a4c5f25642e9/resourceGroups/uat-resources/providers/Microsoft.Compute/virtualMachines/uat-Masterinstance/extensions/hostname",
            "name": "hostname",
            "protected_settings": null,
            "protected_settings_from_key_vault": [],
            "publisher": "Microsoft.Azure.Extensions",
            "settings": "{\"commandToExecute\":\"sh /tmp/ansible_installation.sh \\u003e\\u003e /tmp/output.txt\"}",
            "tags": {
              "environment": "Production"
            },
            "timeouts": null,
            "type": "CustomScript",
            "type_handler_version": "2.0",
            "virtual_machine_id": "/subscriptions/3f6f5ec3-1e5e-44fa-9d39-a4c5f25642e9/resourceGroups/uat-resources/providers/Microsoft.Compute/virtualMachines/uat-Masterinstance"
          },
          "sensitive_attributes": [],
          "private": "eyJlMmJmYjczMC1lY2FhLTExZTYtOGY4OC0zNDM2M2JjN2M0YzAiOnsiY3JlYXRlIjoxODAwMDAwMDAwMDAwLCJkZWxldGUiOjE4MDAwMDAwMDAwMDAsInJlYWQiOjMwMDAwMDAwMDAwMCwidXBkYXRlIjoxODAwMDAwMDAwMDAwfX0=",
          "dependencies": [
            "module.box.azurerm_virtual_machine.main",
            "module.box.module.network.azurerm_network_interface.main",
            "module.box.module.network.azurerm_network_interface.slave",
            "module.box.module.network.azurerm_network_interface_security_group_association.MasterAssociation",
            "module.box.module.network.azurerm_network_interface_security_group_association.SlaveAssociation",
            "module.box.module.network.azurerm_network_security_group.my_terraform_nsg_master",
            "module.box.module.network.azurerm_network_security_group.my_terraform_nsg_slave",
            "module.box.module.network.azurerm_public_ip.Master_public_ip",
            "module.box.module.network.azurerm_public_ip.Slave_public_ip",
            "module.box.module.network.azurerm_subnet.internal",
            "module.box.module.network.azurerm_virtual_network.main",
            "module.box.module.rg.azurerm_resource_group.RG"
          ]
        }
      ]
    },
    {
      "module": "module.box.module.network",
      "mode": "managed",
      "type": "azurerm_network_interface",
      "name": "main",
      "provider": "provider[\"registry.terraform.io/hashicorp/azurerm\"]",
      "instances": [
        {
          "schema_version": 0,
          "attributes": {
            "applied_dns_servers": [],
            "dns_servers": [],
            "edge_zone": "",
            "enable_accelerated_networking": false,
            "enable_ip_forwarding": false,
            "id": "/subscriptions/3f6f5ec3-1e5e-44fa-9d39-a4c5f25642e9/resourceGroups/uat-resources/providers/Microsoft.Network/networkInterfaces/uat-nic",
            "internal_dns_name_label": "",
            "internal_domain_name_suffix": "cmrpsatts54upgwz4r2isicpue.bx.internal.cloudapp.net",
            "ip_configuration": [
              {
                "gateway_load_balancer_frontend_ip_configuration_id": "",
                "name": "testconfiguration1",
                "primary": true,
                "private_ip_address": "10.0.2.5",
                "private_ip_address_allocation": "Dynamic",
                "private_ip_address_version": "IPv4",
                "public_ip_address_id": "/subscriptions/3f6f5ec3-1e5e-44fa-9d39-a4c5f25642e9/resourceGroups/uat-resources/providers/Microsoft.Network/publicIPAddresses/myPublicIP_master",
                "subnet_id": "/subscriptions/3f6f5ec3-1e5e-44fa-9d39-a4c5f25642e9/resourceGroups/uat-resources/providers/Microsoft.Network/virtualNetworks/uat-network/subnets/internal"
              }
            ],
            "location": "eastus",
            "mac_address": "",
            "name": "uat-nic",
            "private_ip_address": "10.0.2.5",
            "private_ip_addresses": [
              "10.0.2.5"
            ],
            "resource_group_name": "uat-resources",
            "tags": null,
            "timeouts": null,
            "virtual_machine_id": ""
          },
          "sensitive_attributes": [],
          "private": "eyJlMmJmYjczMC1lY2FhLTExZTYtOGY4OC0zNDM2M2JjN2M0YzAiOnsiY3JlYXRlIjoxODAwMDAwMDAwMDAwLCJkZWxldGUiOjE4MDAwMDAwMDAwMDAsInJlYWQiOjMwMDAwMDAwMDAwMCwidXBkYXRlIjoxODAwMDAwMDAwMDAwfX0=",
          "dependencies": [
            "module.box.module.network.azurerm_public_ip.Master_public_ip",
            "module.box.module.network.azurerm_subnet.internal",
            "module.box.module.network.azurerm_virtual_network.main",
            "module.box.module.rg.azurerm_resource_group.RG"
          ]
        }
      ]
    },
    {
      "module": "module.box.module.network",
      "mode": "managed",
      "type": "azurerm_network_interface",
      "name": "slave",
      "provider": "provider[\"registry.terraform.io/hashicorp/azurerm\"]",
      "instances": [
        {
          "schema_version": 0,
          "attributes": {
            "applied_dns_servers": [],
            "dns_servers": [],
            "edge_zone": "",
            "enable_accelerated_networking": false,
            "enable_ip_forwarding": false,
            "id": "/subscriptions/3f6f5ec3-1e5e-44fa-9d39-a4c5f25642e9/resourceGroups/uat-resources/providers/Microsoft.Network/networkInterfaces/uat-slavenic",
            "internal_dns_name_label": "",
            "internal_domain_name_suffix": "cmrpsatts54upgwz4r2isicpue.bx.internal.cloudapp.net",
            "ip_configuration": [
              {
                "gateway_load_balancer_frontend_ip_configuration_id": "",
                "name": "testconfiguration2",
                "primary": true,
                "private_ip_address": "10.0.2.4",
                "private_ip_address_allocation": "Dynamic",
                "private_ip_address_version": "IPv4",
                "public_ip_address_id": "/subscriptions/3f6f5ec3-1e5e-44fa-9d39-a4c5f25642e9/resourceGroups/uat-resources/providers/Microsoft.Network/publicIPAddresses/myPublicIP_slave",
                "subnet_id": "/subscriptions/3f6f5ec3-1e5e-44fa-9d39-a4c5f25642e9/resourceGroups/uat-resources/providers/Microsoft.Network/virtualNetworks/uat-network/subnets/internal"
              }
            ],
            "location": "eastus",
            "mac_address": "",
            "name": "uat-slavenic",
            "private_ip_address": "10.0.2.4",
            "private_ip_addresses": [
              "10.0.2.4"
            ],
            "resource_group_name": "uat-resources",
            "tags": null,
            "timeouts": null,
            "virtual_machine_id": ""
          },
          "sensitive_attributes": [],
          "private": "eyJlMmJmYjczMC1lY2FhLTExZTYtOGY4OC0zNDM2M2JjN2M0YzAiOnsiY3JlYXRlIjoxODAwMDAwMDAwMDAwLCJkZWxldGUiOjE4MDAwMDAwMDAwMDAsInJlYWQiOjMwMDAwMDAwMDAwMCwidXBkYXRlIjoxODAwMDAwMDAwMDAwfX0=",
          "dependencies": [
            "module.box.module.network.azurerm_public_ip.Slave_public_ip",
            "module.box.module.network.azurerm_subnet.internal",
            "module.box.module.network.azurerm_virtual_network.main",
            "module.box.module.rg.azurerm_resource_group.RG"
          ]
        }
      ]
    },
    {
      "module": "module.box.module.network",
      "mode": "managed",
      "type": "azurerm_network_interface_security_group_association",
      "name": "MasterAssociation",
      "provider": "provider[\"registry.terraform.io/hashicorp/azurerm\"]",
      "instances": [
        {
          "schema_version": 0,
          "attributes": {
            "id": "/subscriptions/3f6f5ec3-1e5e-44fa-9d39-a4c5f25642e9/resourceGroups/uat-resources/providers/Microsoft.Network/networkInterfaces/uat-nic|/subscriptions/3f6f5ec3-1e5e-44fa-9d39-a4c5f25642e9/resourceGroups/uat-resources/providers/Microsoft.Network/networkSecurityGroups/myNetworkSecurityGroup",
            "network_interface_id": "/subscriptions/3f6f5ec3-1e5e-44fa-9d39-a4c5f25642e9/resourceGroups/uat-resources/providers/Microsoft.Network/networkInterfaces/uat-nic",
            "network_security_group_id": "/subscriptions/3f6f5ec3-1e5e-44fa-9d39-a4c5f25642e9/resourceGroups/uat-resources/providers/Microsoft.Network/networkSecurityGroups/myNetworkSecurityGroup",
            "timeouts": null
          },
          "sensitive_attributes": [],
          "private": "eyJlMmJmYjczMC1lY2FhLTExZTYtOGY4OC0zNDM2M2JjN2M0YzAiOnsiY3JlYXRlIjoxODAwMDAwMDAwMDAwLCJkZWxldGUiOjE4MDAwMDAwMDAwMDAsInJlYWQiOjMwMDAwMDAwMDAwMCwidXBkYXRlIjoxODAwMDAwMDAwMDAwfX0=",
          "dependencies": [
            "module.box.module.network.azurerm_network_interface.main",
            "module.box.module.network.azurerm_network_security_group.my_terraform_nsg_master",
            "module.box.module.network.azurerm_public_ip.Master_public_ip",
            "module.box.module.network.azurerm_subnet.internal",
            "module.box.module.network.azurerm_virtual_network.main",
            "module.box.module.rg.azurerm_resource_group.RG"
          ]
        }
      ]
    },
    {
      "module": "module.box.module.network",
      "mode": "managed",
      "type": "azurerm_network_interface_security_group_association",
      "name": "SlaveAssociation",
      "provider": "provider[\"registry.terraform.io/hashicorp/azurerm\"]",
      "instances": [
        {
          "schema_version": 0,
          "attributes": {
            "id": "/subscriptions/3f6f5ec3-1e5e-44fa-9d39-a4c5f25642e9/resourceGroups/uat-resources/providers/Microsoft.Network/networkInterfaces/uat-slavenic|/subscriptions/3f6f5ec3-1e5e-44fa-9d39-a4c5f25642e9/resourceGroups/uat-resources/providers/Microsoft.Network/networkSecurityGroups/myNetworkSecurityGroup",
            "network_interface_id": "/subscriptions/3f6f5ec3-1e5e-44fa-9d39-a4c5f25642e9/resourceGroups/uat-resources/providers/Microsoft.Network/networkInterfaces/uat-slavenic",
            "network_security_group_id": "/subscriptions/3f6f5ec3-1e5e-44fa-9d39-a4c5f25642e9/resourceGroups/uat-resources/providers/Microsoft.Network/networkSecurityGroups/myNetworkSecurityGroup",
            "timeouts": null
          },
          "sensitive_attributes": [],
          "private": "eyJlMmJmYjczMC1lY2FhLTExZTYtOGY4OC0zNDM2M2JjN2M0YzAiOnsiY3JlYXRlIjoxODAwMDAwMDAwMDAwLCJkZWxldGUiOjE4MDAwMDAwMDAwMDAsInJlYWQiOjMwMDAwMDAwMDAwMCwidXBkYXRlIjoxODAwMDAwMDAwMDAwfX0=",
          "dependencies": [
            "module.box.module.network.azurerm_network_interface.slave",
            "module.box.module.network.azurerm_network_security_group.my_terraform_nsg_slave",
            "module.box.module.network.azurerm_public_ip.Slave_public_ip",
            "module.box.module.network.azurerm_subnet.internal",
            "module.box.module.network.azurerm_virtual_network.main",
            "module.box.module.rg.azurerm_resource_group.RG"
          ]
        }
      ]
    },
    {
      "module": "module.box.module.network",
      "mode": "managed",
      "type": "azurerm_network_security_group",
      "name": "my_terraform_nsg_master",
      "provider": "provider[\"registry.terraform.io/hashicorp/azurerm\"]",
      "instances": [
        {
          "schema_version": 0,
          "attributes": {
            "id": "/subscriptions/3f6f5ec3-1e5e-44fa-9d39-a4c5f25642e9/resourceGroups/uat-resources/providers/Microsoft.Network/networkSecurityGroups/myNetworkSecurityGroup",
            "location": "eastus",
            "name": "myNetworkSecurityGroup",
            "resource_group_name": "uat-resources",
            "security_rule": [
              {
                "access": "Allow",
                "description": "",
                "destination_address_prefix": "*",
                "destination_address_prefixes": [],
                "destination_application_security_group_ids": [],
                "destination_port_range": "22",
                "destination_port_ranges": [],
                "direction": "Inbound",
                "name": "SSH",
                "priority": 1001,
                "protocol": "Tcp",
                "source_address_prefix": "*",
                "source_address_prefixes": [],
                "source_application_security_group_ids": [],
                "source_port_range": "*",
                "source_port_ranges": []
              }
            ],
            "tags": null,
            "timeouts": null
          },
          "sensitive_attributes": [],
          "private": "eyJlMmJmYjczMC1lY2FhLTExZTYtOGY4OC0zNDM2M2JjN2M0YzAiOnsiY3JlYXRlIjoxODAwMDAwMDAwMDAwLCJkZWxldGUiOjE4MDAwMDAwMDAwMDAsInJlYWQiOjMwMDAwMDAwMDAwMCwidXBkYXRlIjoxODAwMDAwMDAwMDAwfX0=",
          "dependencies": [
            "module.box.module.rg.azurerm_resource_group.RG"
          ]
        }
      ]
    },
    {
      "module": "module.box.module.network",
      "mode": "managed",
      "type": "azurerm_network_security_group",
      "name": "my_terraform_nsg_slave",
      "provider": "provider[\"registry.terraform.io/hashicorp/azurerm\"]",
      "instances": [
        {
          "schema_version": 0,
          "attributes": {
            "id": "/subscriptions/3f6f5ec3-1e5e-44fa-9d39-a4c5f25642e9/resourceGroups/uat-resources/providers/Microsoft.Network/networkSecurityGroups/myNetworkSecurityGroup",
            "location": "eastus",
            "name": "myNetworkSecurityGroup",
            "resource_group_name": "uat-resources",
            "security_rule": [
              {
                "access": "Allow",
                "description": "",
                "destination_address_prefix": "*",
                "destination_address_prefixes": [],
                "destination_application_security_group_ids": [],
                "destination_port_range": "22",
                "destination_port_ranges": [],
                "direction": "Inbound",
                "name": "SSH",
                "priority": 1001,
                "protocol": "Tcp",
                "source_address_prefix": "*",
                "source_address_prefixes": [],
                "source_application_security_group_ids": [],
                "source_port_range": "*",
                "source_port_ranges": []
              }
            ],
            "tags": null,
            "timeouts": null
          },
          "sensitive_attributes": [],
          "private": "eyJlMmJmYjczMC1lY2FhLTExZTYtOGY4OC0zNDM2M2JjN2M0YzAiOnsiY3JlYXRlIjoxODAwMDAwMDAwMDAwLCJkZWxldGUiOjE4MDAwMDAwMDAwMDAsInJlYWQiOjMwMDAwMDAwMDAwMCwidXBkYXRlIjoxODAwMDAwMDAwMDAwfX0=",
          "dependencies": [
            "module.box.module.rg.azurerm_resource_group.RG"
          ]
        }
      ]
    },
    {
      "module": "module.box.module.network",
      "mode": "managed",
      "type": "azurerm_public_ip",
      "name": "Master_public_ip",
      "provider": "provider[\"registry.terraform.io/hashicorp/azurerm\"]",
      "instances": [
        {
          "schema_version": 0,
          "attributes": {
            "allocation_method": "Static",
            "ddos_protection_mode": "VirtualNetworkInherited",
            "ddos_protection_plan_id": null,
            "domain_name_label": null,
            "edge_zone": "",
            "fqdn": null,
            "id": "/subscriptions/3f6f5ec3-1e5e-44fa-9d39-a4c5f25642e9/resourceGroups/uat-resources/providers/Microsoft.Network/publicIPAddresses/myPublicIP_master",
            "idle_timeout_in_minutes": 4,
            "ip_address": "172.173.166.165",
            "ip_tags": null,
            "ip_version": "IPv4",
            "location": "eastus",
            "name": "myPublicIP_master",
            "public_ip_prefix_id": null,
            "resource_group_name": "uat-resources",
            "reverse_fqdn": null,
            "sku": "Basic",
            "sku_tier": "Regional",
            "tags": null,
            "timeouts": null,
            "zones": null
          },
          "sensitive_attributes": [],
          "private": "eyJlMmJmYjczMC1lY2FhLTExZTYtOGY4OC0zNDM2M2JjN2M0YzAiOnsiY3JlYXRlIjoxODAwMDAwMDAwMDAwLCJkZWxldGUiOjE4MDAwMDAwMDAwMDAsInJlYWQiOjMwMDAwMDAwMDAwMCwidXBkYXRlIjoxODAwMDAwMDAwMDAwfX0=",
          "dependencies": [
            "module.box.module.rg.azurerm_resource_group.RG"
          ]
        }
      ]
    },
    {
      "module": "module.box.module.network",
      "mode": "managed",
      "type": "azurerm_public_ip",
      "name": "Slave_public_ip",
      "provider": "provider[\"registry.terraform.io/hashicorp/azurerm\"]",
      "instances": [
        {
          "schema_version": 0,
          "attributes": {
            "allocation_method": "Static",
            "ddos_protection_mode": "VirtualNetworkInherited",
            "ddos_protection_plan_id": null,
            "domain_name_label": null,
            "edge_zone": "",
            "fqdn": null,
            "id": "/subscriptions/3f6f5ec3-1e5e-44fa-9d39-a4c5f25642e9/resourceGroups/uat-resources/providers/Microsoft.Network/publicIPAddresses/myPublicIP_slave",
            "idle_timeout_in_minutes": 4,
            "ip_address": "172.173.166.119",
            "ip_tags": null,
            "ip_version": "IPv4",
            "location": "eastus",
            "name": "myPublicIP_slave",
            "public_ip_prefix_id": null,
            "resource_group_name": "uat-resources",
            "reverse_fqdn": null,
            "sku": "Basic",
            "sku_tier": "Regional",
            "tags": null,
            "timeouts": null,
            "zones": null
          },
          "sensitive_attributes": [],
          "private": "eyJlMmJmYjczMC1lY2FhLTExZTYtOGY4OC0zNDM2M2JjN2M0YzAiOnsiY3JlYXRlIjoxODAwMDAwMDAwMDAwLCJkZWxldGUiOjE4MDAwMDAwMDAwMDAsInJlYWQiOjMwMDAwMDAwMDAwMCwidXBkYXRlIjoxODAwMDAwMDAwMDAwfX0=",
          "dependencies": [
            "module.box.module.rg.azurerm_resource_group.RG"
          ]
        }
      ]
    },
    {
      "module": "module.box.module.network",
      "mode": "managed",
      "type": "azurerm_subnet",
      "name": "internal",
      "provider": "provider[\"registry.terraform.io/hashicorp/azurerm\"]",
      "instances": [
        {
          "schema_version": 0,
          "attributes": {
            "address_prefixes": [
              "10.0.2.0/24"
            ],
            "delegation": [],
            "enforce_private_link_endpoint_network_policies": false,
            "enforce_private_link_service_network_policies": false,
            "id": "/subscriptions/3f6f5ec3-1e5e-44fa-9d39-a4c5f25642e9/resourceGroups/uat-resources/providers/Microsoft.Network/virtualNetworks/uat-network/subnets/internal",
            "name": "internal",
            "private_endpoint_network_policies_enabled": true,
            "private_link_service_network_policies_enabled": true,
            "resource_group_name": "uat-resources",
            "service_endpoint_policy_ids": null,
            "service_endpoints": null,
            "timeouts": null,
            "virtual_network_name": "uat-network"
          },
          "sensitive_attributes": [],
          "private": "eyJlMmJmYjczMC1lY2FhLTExZTYtOGY4OC0zNDM2M2JjN2M0YzAiOnsiY3JlYXRlIjoxODAwMDAwMDAwMDAwLCJkZWxldGUiOjE4MDAwMDAwMDAwMDAsInJlYWQiOjMwMDAwMDAwMDAwMCwidXBkYXRlIjoxODAwMDAwMDAwMDAwfX0=",
          "dependencies": [
            "module.box.module.network.azurerm_virtual_network.main",
            "module.box.module.rg.azurerm_resource_group.RG"
          ]
        }
      ]
    },
    {
      "module": "module.box.module.network",
      "mode": "managed",
      "type": "azurerm_virtual_network",
      "name": "main",
      "provider": "provider[\"registry.terraform.io/hashicorp/azurerm\"]",
      "instances": [
        {
          "schema_version": 0,
          "attributes": {
            "address_space": [
              "10.0.0.0/16"
            ],
            "bgp_community": "",
            "ddos_protection_plan": [],
            "dns_servers": [],
            "edge_zone": "",
            "flow_timeout_in_minutes": 0,
            "guid": "02f92213-9773-47fd-9ad9-f47889204fa4",
            "id": "/subscriptions/3f6f5ec3-1e5e-44fa-9d39-a4c5f25642e9/resourceGroups/uat-resources/providers/Microsoft.Network/virtualNetworks/uat-network",
            "location": "eastus",
            "name": "uat-network",
            "resource_group_name": "uat-resources",
            "subnet": [],
            "tags": null,
            "timeouts": null
          },
          "sensitive_attributes": [],
          "private": "eyJlMmJmYjczMC1lY2FhLTExZTYtOGY4OC0zNDM2M2JjN2M0YzAiOnsiY3JlYXRlIjoxODAwMDAwMDAwMDAwLCJkZWxldGUiOjE4MDAwMDAwMDAwMDAsInJlYWQiOjMwMDAwMDAwMDAwMCwidXBkYXRlIjoxODAwMDAwMDAwMDAwfX0=",
          "dependencies": [
            "module.box.module.rg.azurerm_resource_group.RG"
          ]
        }
      ]
    },
    {
      "module": "module.box.module.rg",
      "mode": "managed",
      "type": "azurerm_resource_group",
      "name": "RG",
      "provider": "provider[\"registry.terraform.io/hashicorp/azurerm\"]",
      "instances": [
        {
          "schema_version": 0,
          "attributes": {
            "id": "/subscriptions/3f6f5ec3-1e5e-44fa-9d39-a4c5f25642e9/resourceGroups/uat-resources",
            "location": "eastus",
            "name": "uat-resources",
            "tags": null,
            "timeouts": null
          },
          "sensitive_attributes": [],
          "private": "eyJlMmJmYjczMC1lY2FhLTExZTYtOGY4OC0zNDM2M2JjN2M0YzAiOnsiY3JlYXRlIjo1NDAwMDAwMDAwMDAwLCJkZWxldGUiOjU0MDAwMDAwMDAwMDAsInJlYWQiOjMwMDAwMDAwMDAwMCwidXBkYXRlIjo1NDAwMDAwMDAwMDAwfX0="
        }
      ]
    }
  ],
  "check_results": null
}
